
Microsoft Visual Studio Solution File, Format Version 12.00
# Visual Studio Version 17
VisualStudioVersion = 17.1.32421.90
MinimumVisualStudioVersion = 10.0.40219.1
Project("{9A19103F-16F7-4668-BE54-9A1E7A4F7556}") = "Observer", "Observer\Observer.csproj", "{185D30E7-659A-446E-8435-B241AC9ED837}"
EndProject
Project("{9A19103F-16F7-4668-BE54-9A1E7A4F7556}") = "State", "State\State.csproj", "{4158D680-6414-425F-858E-9AFB7CA0ED69}"
EndProject
Project("{9A19103F-16F7-4668-BE54-9A1E7A4F7556}") = "Iterator", "Iterator\Iterator.csproj", "{8E87A7F2-2B09-48DB-B3A9-E8C5EC26749D}"
EndProject
Project("{2150E333-8FDC-42A3-9474-1A3956D46DE8}") = "behaviour", "behaviour", "{79596FBA-AFC0-4514-B01A-C357BB9FD634}"
EndProject
Project("{9A19103F-16F7-4668-BE54-9A1E7A4F7556}") = "Visitor", "Visitor\Visitor.csproj", "{85083A7F-C06B-42CE-AE56-4E8BA6080C97}"
EndProject
Project("{9A19103F-16F7-4668-BE54-9A1E7A4F7556}") = "Interpreter", "Interpreter\Interpreter.csproj", "{87769608-07BD-497C-BEAF-EDB8FE832B6C}"
EndProject
Project("{9A19103F-16F7-4668-BE54-9A1E7A4F7556}") = "Command", "Command\Command.csproj", "{51A95891-7DB3-4DD2-81D0-9BB649D764B8}"
EndProject
Project("{9A19103F-16F7-4668-BE54-9A1E7A4F7556}") = "Memento", "Memento\Memento.csproj", "{32311350-E134-4851-B860-9A6B82D93EE4}"
EndProject
Project("{9A19103F-16F7-4668-BE54-9A1E7A4F7556}") = "ChainOfResponsibility", "ChainOfResponsibility\ChainOfResponsibility.csproj", "{3EB978E8-215C-457E-9E04-B3E9DF76494D}"
EndProject
Project("{9A19103F-16F7-4668-BE54-9A1E7A4F7556}") = "Strategy", "Strategy\Strategy.csproj", "{53F0767B-6618-4540-A310-7E868DB22A23}"
EndProject
Project("{9A19103F-16F7-4668-BE54-9A1E7A4F7556}") = "Mediator", "Mediator\Mediator.csproj", "{1D1CA8A9-0CA2-473C-87C4-40267692FD27}"
EndProject
Project("{9A19103F-16F7-4668-BE54-9A1E7A4F7556}") = "TemplateMethod", "TemplateMethod\TemplateMethod.csproj", "{0CA71D17-7DAB-4DF7-9FB4-FD35266AAC03}"
EndProject
Project("{2150E333-8FDC-42A3-9474-1A3956D46DE8}") = "structural", "structural", "{CCA7C0AD-6E04-467F-A680-ABDF353868A7}"
EndProject
Project("{9A19103F-16F7-4668-BE54-9A1E7A4F7556}") = "Bridge", "Bridge\Bridge.csproj", "{3CA420CF-B58C-4A4A-A4CA-867BBEDD2C1F}"
EndProject
Project("{9A19103F-16F7-4668-BE54-9A1E7A4F7556}") = "Proxy", "Proxy\Proxy.csproj", "{9E6748EB-A19B-41B2-9B99-F7AC02ACB203}"
EndProject
Project("{9A19103F-16F7-4668-BE54-9A1E7A4F7556}") = "Flyweight", "Flyweight\Flyweight.csproj", "{0E4CA642-D1FF-4643-AD70-3A34A6DB5303}"
EndProject
Project("{9A19103F-16F7-4668-BE54-9A1E7A4F7556}") = "Facade", "Facade\Facade.csproj", "{22C11172-123A-4CC6-B62E-77F0A337B4B1}"
EndProject
Project("{9A19103F-16F7-4668-BE54-9A1E7A4F7556}") = "Decorator", "Decorator\Decorator.csproj", "{D8FF7808-57B3-4AFB-967B-1F411C449F4D}"
EndProject
Project("{9A19103F-16F7-4668-BE54-9A1E7A4F7556}") = "Composite", "Composite\Composite.csproj", "{39AD6520-9014-47F4-BDD6-ABFD8653C754}"
EndProject
Project("{9A19103F-16F7-4668-BE54-9A1E7A4F7556}") = "Adapter", "Adapter\Adapter.csproj", "{72DE9B82-07E0-4890-B1A3-EC13D30B7948}"
EndProject
Project("{2150E333-8FDC-42A3-9474-1A3956D46DE8}") = "creational", "creational", "{995764AE-71B1-4DD6-8B8D-146DF609F67E}"
EndProject
Project("{9A19103F-16F7-4668-BE54-9A1E7A4F7556}") = "Singleton", "Singleton\Singleton.csproj", "{BAAFF127-366E-416A-8902-AD89F7923F8A}"
EndProject
Project("{9A19103F-16F7-4668-BE54-9A1E7A4F7556}") = "FactoryMethod", "FactoryMethod\FactoryMethod.csproj", "{B6CC5FAE-4DF3-4AED-AE1F-32BF2CD459B5}"
EndProject
Project("{9A19103F-16F7-4668-BE54-9A1E7A4F7556}") = "AbstractFactory", "AbstractFactory\AbstractFactory.csproj", "{13DE6041-395A-4B21-B8F1-54BBA8C8B2A1}"
EndProject
Project("{9A19103F-16F7-4668-BE54-9A1E7A4F7556}") = "Builder", "Builder\Builder.csproj", "{A371127D-A6BE-47DB-B761-CE3CD06F4572}"
EndProject
Project("{FAE04EC0-301F-11D3-BF4B-00C04F79EFBC}") = "Prototype", "Prototype\Prototype.csproj", "{51B75737-95B9-4BC5-9938-F1769D8F957C}"
EndProject
Global
	GlobalSection(SolutionConfigurationPlatforms) = preSolution
		Debug|Any CPU = Debug|Any CPU
		Release|Any CPU = Release|Any CPU
	EndGlobalSection
	GlobalSection(ProjectConfigurationPlatforms) = postSolution
		{185D30E7-659A-446E-8435-B241AC9ED837}.Debug|Any CPU.ActiveCfg = Debug|Any CPU
		{185D30E7-659A-446E-8435-B241AC9ED837}.Debug|Any CPU.Build.0 = Debug|Any CPU
		{185D30E7-659A-446E-8435-B241AC9ED837}.Release|Any CPU.ActiveCfg = Release|Any CPU
		{185D30E7-659A-446E-8435-B241AC9ED837}.Release|Any CPU.Build.0 = Release|Any CPU
		{4158D680-6414-425F-858E-9AFB7CA0ED69}.Debug|Any CPU.ActiveCfg = Debug|Any CPU
		{4158D680-6414-425F-858E-9AFB7CA0ED69}.Debug|Any CPU.Build.0 = Debug|Any CPU
		{4158D680-6414-425F-858E-9AFB7CA0ED69}.Release|Any CPU.ActiveCfg = Release|Any CPU
		{4158D680-6414-425F-858E-9AFB7CA0ED69}.Release|Any CPU.Build.0 = Release|Any CPU
		{8E87A7F2-2B09-48DB-B3A9-E8C5EC26749D}.Debug|Any CPU.ActiveCfg = Debug|Any CPU
		{8E87A7F2-2B09-48DB-B3A9-E8C5EC26749D}.Debug|Any CPU.Build.0 = Debug|Any CPU
		{8E87A7F2-2B09-48DB-B3A9-E8C5EC26749D}.Release|Any CPU.ActiveCfg = Release|Any CPU
		{8E87A7F2-2B09-48DB-B3A9-E8C5EC26749D}.Release|Any CPU.Build.0 = Release|Any CPU
		{85083A7F-C06B-42CE-AE56-4E8BA6080C97}.Debug|Any CPU.ActiveCfg = Debug|Any CPU
		{85083A7F-C06B-42CE-AE56-4E8BA6080C97}.Debug|Any CPU.Build.0 = Debug|Any CPU
		{85083A7F-C06B-42CE-AE56-4E8BA6080C97}.Release|Any CPU.ActiveCfg = Release|Any CPU
		{85083A7F-C06B-42CE-AE56-4E8BA6080C97}.Release|Any CPU.Build.0 = Release|Any CPU
		{87769608-07BD-497C-BEAF-EDB8FE832B6C}.Debug|Any CPU.ActiveCfg = Debug|Any CPU
		{87769608-07BD-497C-BEAF-EDB8FE832B6C}.Debug|Any CPU.Build.0 = Debug|Any CPU
		{87769608-07BD-497C-BEAF-EDB8FE832B6C}.Release|Any CPU.ActiveCfg = Release|Any CPU
		{87769608-07BD-497C-BEAF-EDB8FE832B6C}.Release|Any CPU.Build.0 = Release|Any CPU
		{51A95891-7DB3-4DD2-81D0-9BB649D764B8}.Debug|Any CPU.ActiveCfg = Debug|Any CPU
		{51A95891-7DB3-4DD2-81D0-9BB649D764B8}.Debug|Any CPU.Build.0 = Debug|Any CPU
		{51A95891-7DB3-4DD2-81D0-9BB649D764B8}.Release|Any CPU.ActiveCfg = Release|Any CPU
		{51A95891-7DB3-4DD2-81D0-9BB649D764B8}.Release|Any CPU.Build.0 = Release|Any CPU
		{32311350-E134-4851-B860-9A6B82D93EE4}.Debug|Any CPU.ActiveCfg = Debug|Any CPU
		{32311350-E134-4851-B860-9A6B82D93EE4}.Debug|Any CPU.Build.0 = Debug|Any CPU
		{32311350-E134-4851-B860-9A6B82D93EE4}.Release|Any CPU.ActiveCfg = Release|Any CPU
		{32311350-E134-4851-B860-9A6B82D93EE4}.Release|Any CPU.Build.0 = Release|Any CPU
		{3EB978E8-215C-457E-9E04-B3E9DF76494D}.Debug|Any CPU.ActiveCfg = Debug|Any CPU
		{3EB978E8-215C-457E-9E04-B3E9DF76494D}.Debug|Any CPU.Build.0 = Debug|Any CPU
		{3EB978E8-215C-457E-9E04-B3E9DF76494D}.Release|Any CPU.ActiveCfg = Release|Any CPU
		{3EB978E8-215C-457E-9E04-B3E9DF76494D}.Release|Any CPU.Build.0 = Release|Any CPU
		{53F0767B-6618-4540-A310-7E868DB22A23}.Debug|Any CPU.ActiveCfg = Debug|Any CPU
		{53F0767B-6618-4540-A310-7E868DB22A23}.Debug|Any CPU.Build.0 = Debug|Any CPU
		{53F0767B-6618-4540-A310-7E868DB22A23}.Release|Any CPU.ActiveCfg = Release|Any CPU
		{53F0767B-6618-4540-A310-7E868DB22A23}.Release|Any CPU.Build.0 = Release|Any CPU
		{1D1CA8A9-0CA2-473C-87C4-40267692FD27}.Debug|Any CPU.ActiveCfg = Debug|Any CPU
		{1D1CA8A9-0CA2-473C-87C4-40267692FD27}.Debug|Any CPU.Build.0 = Debug|Any CPU
		{1D1CA8A9-0CA2-473C-87C4-40267692FD27}.Release|Any CPU.ActiveCfg = Release|Any CPU
		{1D1CA8A9-0CA2-473C-87C4-40267692FD27}.Release|Any CPU.Build.0 = Release|Any CPU
		{0CA71D17-7DAB-4DF7-9FB4-FD35266AAC03}.Debug|Any CPU.ActiveCfg = Debug|Any CPU
		{0CA71D17-7DAB-4DF7-9FB4-FD35266AAC03}.Debug|Any CPU.Build.0 = Debug|Any CPU
		{0CA71D17-7DAB-4DF7-9FB4-FD35266AAC03}.Release|Any CPU.ActiveCfg = Release|Any CPU
		{0CA71D17-7DAB-4DF7-9FB4-FD35266AAC03}.Release|Any CPU.Build.0 = Release|Any CPU
		{3CA420CF-B58C-4A4A-A4CA-867BBEDD2C1F}.Debug|Any CPU.ActiveCfg = Debug|Any CPU
		{3CA420CF-B58C-4A4A-A4CA-867BBEDD2C1F}.Debug|Any CPU.Build.0 = Debug|Any CPU
		{3CA420CF-B58C-4A4A-A4CA-867BBEDD2C1F}.Release|Any CPU.ActiveCfg = Release|Any CPU
		{3CA420CF-B58C-4A4A-A4CA-867BBEDD2C1F}.Release|Any CPU.Build.0 = Release|Any CPU
		{9E6748EB-A19B-41B2-9B99-F7AC02ACB203}.Debug|Any CPU.ActiveCfg = Debug|Any CPU
		{9E6748EB-A19B-41B2-9B99-F7AC02ACB203}.Debug|Any CPU.Build.0 = Debug|Any CPU
		{9E6748EB-A19B-41B2-9B99-F7AC02ACB203}.Release|Any CPU.ActiveCfg = Release|Any CPU
		{9E6748EB-A19B-41B2-9B99-F7AC02ACB203}.Release|Any CPU.Build.0 = Release|Any CPU
		{0E4CA642-D1FF-4643-AD70-3A34A6DB5303}.Debug|Any CPU.ActiveCfg = Debug|Any CPU
		{0E4CA642-D1FF-4643-AD70-3A34A6DB5303}.Debug|Any CPU.Build.0 = Debug|Any CPU
		{0E4CA642-D1FF-4643-AD70-3A34A6DB5303}.Release|Any CPU.ActiveCfg = Release|Any CPU
		{0E4CA642-D1FF-4643-AD70-3A34A6DB5303}.Release|Any CPU.Build.0 = Release|Any CPU
		{22C11172-123A-4CC6-B62E-77F0A337B4B1}.Debug|Any CPU.ActiveCfg = Debug|Any CPU
		{22C11172-123A-4CC6-B62E-77F0A337B4B1}.Debug|Any CPU.Build.0 = Debug|Any CPU
		{22C11172-123A-4CC6-B62E-77F0A337B4B1}.Release|Any CPU.ActiveCfg = Release|Any CPU
		{22C11172-123A-4CC6-B62E-77F0A337B4B1}.Release|Any CPU.Build.0 = Release|Any CPU
		{D8FF7808-57B3-4AFB-967B-1F411C449F4D}.Debug|Any CPU.ActiveCfg = Debug|Any CPU
		{D8FF7808-57B3-4AFB-967B-1F411C449F4D}.Debug|Any CPU.Build.0 = Debug|Any CPU
		{D8FF7808-57B3-4AFB-967B-1F411C449F4D}.Release|Any CPU.ActiveCfg = Release|Any CPU
		{D8FF7808-57B3-4AFB-967B-1F411C449F4D}.Release|Any CPU.Build.0 = Release|Any CPU
		{39AD6520-9014-47F4-BDD6-ABFD8653C754}.Debug|Any CPU.ActiveCfg = Debug|Any CPU
		{39AD6520-9014-47F4-BDD6-ABFD8653C754}.Debug|Any CPU.Build.0 = Debug|Any CPU
		{39AD6520-9014-47F4-BDD6-ABFD8653C754}.Release|Any CPU.ActiveCfg = Release|Any CPU
		{39AD6520-9014-47F4-BDD6-ABFD8653C754}.Release|Any CPU.Build.0 = Release|Any CPU
		{72DE9B82-07E0-4890-B1A3-EC13D30B7948}.Debug|Any CPU.ActiveCfg = Debug|Any CPU
		{72DE9B82-07E0-4890-B1A3-EC13D30B7948}.Debug|Any CPU.Build.0 = Debug|Any CPU
		{72DE9B82-07E0-4890-B1A3-EC13D30B7948}.Release|Any CPU.ActiveCfg = Release|Any CPU
		{72DE9B82-07E0-4890-B1A3-EC13D30B7948}.Release|Any CPU.Build.0 = Release|Any CPU
		{BAAFF127-366E-416A-8902-AD89F7923F8A}.Debug|Any CPU.ActiveCfg = Debug|Any CPU
		{BAAFF127-366E-416A-8902-AD89F7923F8A}.Debug|Any CPU.Build.0 = Debug|Any CPU
		{BAAFF127-366E-416A-8902-AD89F7923F8A}.Release|Any CPU.ActiveCfg = Release|Any CPU
		{BAAFF127-366E-416A-8902-AD89F7923F8A}.Release|Any CPU.Build.0 = Release|Any CPU
		{B6CC5FAE-4DF3-4AED-AE1F-32BF2CD459B5}.Debug|Any CPU.ActiveCfg = Debug|Any CPU
		{B6CC5FAE-4DF3-4AED-AE1F-32BF2CD459B5}.Debug|Any CPU.Build.0 = Debug|Any CPU
		{B6CC5FAE-4DF3-4AED-AE1F-32BF2CD459B5}.Release|Any CPU.ActiveCfg = Release|Any CPU
		{B6CC5FAE-4DF3-4AED-AE1F-32BF2CD459B5}.Release|Any CPU.Build.0 = Release|Any CPU
		{13DE6041-395A-4B21-B8F1-54BBA8C8B2A1}.Debug|Any CPU.ActiveCfg = Debug|Any CPU
		{13DE6041-395A-4B21-B8F1-54BBA8C8B2A1}.Debug|Any CPU.Build.0 = Debug|Any CPU
		{13DE6041-395A-4B21-B8F1-54BBA8C8B2A1}.Release|Any CPU.ActiveCfg = Release|Any CPU
		{13DE6041-395A-4B21-B8F1-54BBA8C8B2A1}.Release|Any CPU.Build.0 = Release|Any CPU
		{A371127D-A6BE-47DB-B761-CE3CD06F4572}.Debug|Any CPU.ActiveCfg = Debug|Any CPU
		{A371127D-A6BE-47DB-B761-CE3CD06F4572}.Debug|Any CPU.Build.0 = Debug|Any CPU
		{A371127D-A6BE-47DB-B761-CE3CD06F4572}.Release|Any CPU.ActiveCfg = Release|Any CPU
		{A371127D-A6BE-47DB-B761-CE3CD06F4572}.Release|Any CPU.Build.0 = Release|Any CPU
		{51B75737-95B9-4BC5-9938-F1769D8F957C}.Debug|Any CPU.ActiveCfg = Debug|Any CPU
		{51B75737-95B9-4BC5-9938-F1769D8F957C}.Debug|Any CPU.Build.0 = Debug|Any CPU
		{51B75737-95B9-4BC5-9938-F1769D8F957C}.Release|Any CPU.ActiveCfg = Release|Any CPU
		{51B75737-95B9-4BC5-9938-F1769D8F957C}.Release|Any CPU.Build.0 = Release|Any CPU
	EndGlobalSection
	GlobalSection(SolutionProperties) = preSolution
		HideSolutionNode = FALSE
	EndGlobalSection
	GlobalSection(NestedProjects) = preSolution
		{185D30E7-659A-446E-8435-B241AC9ED837} = {79596FBA-AFC0-4514-B01A-C357BB9FD634}
		{4158D680-6414-425F-858E-9AFB7CA0ED69} = {79596FBA-AFC0-4514-B01A-C357BB9FD634}
		{8E87A7F2-2B09-48DB-B3A9-E8C5EC26749D} = {79596FBA-AFC0-4514-B01A-C357BB9FD634}
		{85083A7F-C06B-42CE-AE56-4E8BA6080C97} = {79596FBA-AFC0-4514-B01A-C357BB9FD634}
		{87769608-07BD-497C-BEAF-EDB8FE832B6C} = {79596FBA-AFC0-4514-B01A-C357BB9FD634}
		{51A95891-7DB3-4DD2-81D0-9BB649D764B8} = {79596FBA-AFC0-4514-B01A-C357BB9FD634}
		{32311350-E134-4851-B860-9A6B82D93EE4} = {79596FBA-AFC0-4514-B01A-C357BB9FD634}
		{3EB978E8-215C-457E-9E04-B3E9DF76494D} = {79596FBA-AFC0-4514-B01A-C357BB9FD634}
		{53F0767B-6618-4540-A310-7E868DB22A23} = {79596FBA-AFC0-4514-B01A-C357BB9FD634}
		{1D1CA8A9-0CA2-473C-87C4-40267692FD27} = {79596FBA-AFC0-4514-B01A-C357BB9FD634}
		{0CA71D17-7DAB-4DF7-9FB4-FD35266AAC03} = {79596FBA-AFC0-4514-B01A-C357BB9FD634}
		{3CA420CF-B58C-4A4A-A4CA-867BBEDD2C1F} = {CCA7C0AD-6E04-467F-A680-ABDF353868A7}
		{9E6748EB-A19B-41B2-9B99-F7AC02ACB203} = {CCA7C0AD-6E04-467F-A680-ABDF353868A7}
		{0E4CA642-D1FF-4643-AD70-3A34A6DB5303} = {CCA7C0AD-6E04-467F-A680-ABDF353868A7}
		{22C11172-123A-4CC6-B62E-77F0A337B4B1} = {CCA7C0AD-6E04-467F-A680-ABDF353868A7}
		{D8FF7808-57B3-4AFB-967B-1F411C449F4D} = {CCA7C0AD-6E04-467F-A680-ABDF353868A7}
		{39AD6520-9014-47F4-BDD6-ABFD8653C754} = {CCA7C0AD-6E04-467F-A680-ABDF353868A7}
		{72DE9B82-07E0-4890-B1A3-EC13D30B7948} = {CCA7C0AD-6E04-467F-A680-ABDF353868A7}
		{BAAFF127-366E-416A-8902-AD89F7923F8A} = {995764AE-71B1-4DD6-8B8D-146DF609F67E}
		{B6CC5FAE-4DF3-4AED-AE1F-32BF2CD459B5} = {995764AE-71B1-4DD6-8B8D-146DF609F67E}
		{13DE6041-395A-4B21-B8F1-54BBA8C8B2A1} = {995764AE-71B1-4DD6-8B8D-146DF609F67E}
		{A371127D-A6BE-47DB-B761-CE3CD06F4572} = {995764AE-71B1-4DD6-8B8D-146DF609F67E}
		{51B75737-95B9-4BC5-9938-F1769D8F957C} = {995764AE-71B1-4DD6-8B8D-146DF609F67E}
	EndGlobalSection
	GlobalSection(ExtensibilityGlobals) = postSolution
		SolutionGuid = {4F7DB2C2-1D14-4FE0-90A5-4D63EB039A66}
	EndGlobalSection
EndGlobal
